
Microsoft Visual Studio Solution File, Format Version 11.00
# CopernicusIsolatedShell Solution File, Format Version 11.00
Project("{AC959CD1-5A2C-4306-BE72-259804B01F08}") = "ConsumeWS (In Development)", "Y9EZ588LY.myproj", "{3544AB21-A520-45CE-8A3A-81050D30EDAF}"
EndProject
Global
	GlobalSection(SolutionConfigurationPlatforms) = preSolution
		Debug|x86 = Debug|x86
	EndGlobalSection
	GlobalSection(ProjectConfigurationPlatforms) = postSolution
		{3544AB21-A520-45CE-8A3A-81050D30EDAF}.Debug|x86.ActiveCfg = Debug|x86
		{3544AB21-A520-45CE-8A3A-81050D30EDAF}.Debug|x86.Build.0 = Debug|x86
	EndGlobalSection
	GlobalSection(SolutionProperties) = preSolution
		HideSolutionNode = FALSE
	EndGlobalSection
EndGlobal
